// !$*UTF8*$!
{
	archiveVersion = 1;
	classes = {
	};
	objectVersion = 56;
	objects = {

/* Begin PBXBuildFile section */
		53E56C0C1FC6F0754A442801 /* Pods_RxMemo.framework in Frameworks */ = {isa = PBXBuildFile; fileRef = B9A7029848DB5B877D87F417 /* Pods_RxMemo.framework */; };
		946AE92B29AFF7C4008C77CD /* CommonViewModel.swift in Sources */ = {isa = PBXBuildFile; fileRef = 946AE92A29AFF7C4008C77CD /* CommonViewModel.swift */; };
		94B914E729B2A00A00DBCE76 /* CoreStorage.swift in Sources */ = {isa = PBXBuildFile; fileRef = 94B914E629B2A00A00DBCE76 /* CoreStorage.swift */; };
		94B914F229B2A2B100DBCE76 /* Memo+CoreDataClass.swift in Sources */ = {isa = PBXBuildFile; fileRef = 94B914F029B2A2B100DBCE76 /* Memo+CoreDataClass.swift */; };
		94B914F329B2A2B100DBCE76 /* Memo+CoreDataProperties.swift in Sources */ = {isa = PBXBuildFile; fileRef = 94B914F129B2A2B100DBCE76 /* Memo+CoreDataProperties.swift */; };
		94E99A8529AD5B2E003A4046 /* AppDelegate.swift in Sources */ = {isa = PBXBuildFile; fileRef = 94E99A8429AD5B2E003A4046 /* AppDelegate.swift */; };
		94E99A8729AD5B2E003A4046 /* SceneDelegate.swift in Sources */ = {isa = PBXBuildFile; fileRef = 94E99A8629AD5B2E003A4046 /* SceneDelegate.swift */; };
		94E99A8C29AD5B2E003A4046 /* Main.storyboard in Resources */ = {isa = PBXBuildFile; fileRef = 94E99A8A29AD5B2E003A4046 /* Main.storyboard */; };
		94E99A8F29AD5B2E003A4046 /* RxMemo.xcdatamodeld in Sources */ = {isa = PBXBuildFile; fileRef = 94E99A8D29AD5B2E003A4046 /* RxMemo.xcdatamodeld */; };
		94E99A9129AD5B2F003A4046 /* Assets.xcassets in Resources */ = {isa = PBXBuildFile; fileRef = 94E99A9029AD5B2F003A4046 /* Assets.xcassets */; };
		94E99A9429AD5B2F003A4046 /* LaunchScreen.storyboard in Resources */ = {isa = PBXBuildFile; fileRef = 94E99A9229AD5B2F003A4046 /* LaunchScreen.storyboard */; };
		94E99AA329AD61F2003A4046 /* MemoListViewController.swift in Sources */ = {isa = PBXBuildFile; fileRef = 94E99AA229AD61F2003A4046 /* MemoListViewController.swift */; };
		94E99AA529AD6200003A4046 /* MemoDetailViewController.swift in Sources */ = {isa = PBXBuildFile; fileRef = 94E99AA429AD6200003A4046 /* MemoDetailViewController.swift */; };
		94E99AA729AD620C003A4046 /* MemoComposeViewController.swift in Sources */ = {isa = PBXBuildFile; fileRef = 94E99AA629AD620C003A4046 /* MemoComposeViewController.swift */; };
		94E99AA929AD627C003A4046 /* MemoListViewModel.swift in Sources */ = {isa = PBXBuildFile; fileRef = 94E99AA829AD627C003A4046 /* MemoListViewModel.swift */; };
		94E99AAB29AD6286003A4046 /* MemoDetailViewModel.swift in Sources */ = {isa = PBXBuildFile; fileRef = 94E99AAA29AD6286003A4046 /* MemoDetailViewModel.swift */; };
		94E99AAD29AD6295003A4046 /* MemoComposeViewModel.swift in Sources */ = {isa = PBXBuildFile; fileRef = 94E99AAC29AD6295003A4046 /* MemoComposeViewModel.swift */; };
		94E99AAF29AD62B1003A4046 /* Memo.swift in Sources */ = {isa = PBXBuildFile; fileRef = 94E99AAE29AD62B1003A4046 /* Memo.swift */; };
		94E99AB129AD631E003A4046 /* ViewModelBindableType.swift in Sources */ = {isa = PBXBuildFile; fileRef = 94E99AB029AD631E003A4046 /* ViewModelBindableType.swift */; };
		94E99AB329AD6801003A4046 /* MemoStorageType.swift in Sources */ = {isa = PBXBuildFile; fileRef = 94E99AB229AD6801003A4046 /* MemoStorageType.swift */; };
		94E99AB729AD68DA003A4046 /* MemoryStorage.swift in Sources */ = {isa = PBXBuildFile; fileRef = 94E99AB629AD68DA003A4046 /* MemoryStorage.swift */; };
		94E99AB929AD7079003A4046 /* TransitionModel.swift in Sources */ = {isa = PBXBuildFile; fileRef = 94E99AB829AD7079003A4046 /* TransitionModel.swift */; };
		94E99ABB29AD711B003A4046 /* Scene.swift in Sources */ = {isa = PBXBuildFile; fileRef = 94E99ABA29AD711B003A4046 /* Scene.swift */; };
		94E99ABD29AD745C003A4046 /* SceneCoordinatorType.swift in Sources */ = {isa = PBXBuildFile; fileRef = 94E99ABC29AD745C003A4046 /* SceneCoordinatorType.swift */; };
		94E99ABF29AD756F003A4046 /* SceneCoordinator.swift in Sources */ = {isa = PBXBuildFile; fileRef = 94E99ABE29AD756F003A4046 /* SceneCoordinator.swift */; };
/* End PBXBuildFile section */

/* Begin PBXFileReference section */
		28FD77E05B9091F4714673EB /* Pods-RxMemo.debug.xcconfig */ = {isa = PBXFileReference; includeInIndex = 1; lastKnownFileType = text.xcconfig; name = "Pods-RxMemo.debug.xcconfig"; path = "Target Support Files/Pods-RxMemo/Pods-RxMemo.debug.xcconfig"; sourceTree = "<group>"; };
		89342A504377BF6D4C83D190 /* Pods-RxMemo.release.xcconfig */ = {isa = PBXFileReference; includeInIndex = 1; lastKnownFileType = text.xcconfig; name = "Pods-RxMemo.release.xcconfig"; path = "Target Support Files/Pods-RxMemo/Pods-RxMemo.release.xcconfig"; sourceTree = "<group>"; };
		946AE92A29AFF7C4008C77CD /* CommonViewModel.swift */ = {isa = PBXFileReference; lastKnownFileType = sourcecode.swift; path = CommonViewModel.swift; sourceTree = "<group>"; };
		94B914E629B2A00A00DBCE76 /* CoreStorage.swift */ = {isa = PBXFileReference; lastKnownFileType = sourcecode.swift; path = CoreStorage.swift; sourceTree = "<group>"; };
		94B914F029B2A2B100DBCE76 /* Memo+CoreDataClass.swift */ = {isa = PBXFileReference; lastKnownFileType = sourcecode.swift; path = "Memo+CoreDataClass.swift"; sourceTree = SOURCE_ROOT; };
		94B914F129B2A2B100DBCE76 /* Memo+CoreDataProperties.swift */ = {isa = PBXFileReference; lastKnownFileType = sourcecode.swift; path = "Memo+CoreDataProperties.swift"; sourceTree = SOURCE_ROOT; };
		94E99A8129AD5B2E003A4046 /* RxMemo.app */ = {isa = PBXFileReference; explicitFileType = wrapper.application; includeInIndex = 0; path = RxMemo.app; sourceTree = BUILT_PRODUCTS_DIR; };
		94E99A8429AD5B2E003A4046 /* AppDelegate.swift */ = {isa = PBXFileReference; lastKnownFileType = sourcecode.swift; path = AppDelegate.swift; sourceTree = "<group>"; };
		94E99A8629AD5B2E003A4046 /* SceneDelegate.swift */ = {isa = PBXFileReference; lastKnownFileType = sourcecode.swift; path = SceneDelegate.swift; sourceTree = "<group>"; };
		94E99A8B29AD5B2E003A4046 /* Base */ = {isa = PBXFileReference; lastKnownFileType = file.storyboard; name = Base; path = Base.lproj/Main.storyboard; sourceTree = "<group>"; };
		94E99A8E29AD5B2E003A4046 /* RxMemo.xcdatamodel */ = {isa = PBXFileReference; lastKnownFileType = wrapper.xcdatamodel; path = RxMemo.xcdatamodel; sourceTree = "<group>"; };
		94E99A9029AD5B2F003A4046 /* Assets.xcassets */ = {isa = PBXFileReference; lastKnownFileType = folder.assetcatalog; path = Assets.xcassets; sourceTree = "<group>"; };
		94E99A9329AD5B2F003A4046 /* Base */ = {isa = PBXFileReference; lastKnownFileType = file.storyboard; name = Base; path = Base.lproj/LaunchScreen.storyboard; sourceTree = "<group>"; };
		94E99A9529AD5B2F003A4046 /* Info.plist */ = {isa = PBXFileReference; lastKnownFileType = text.plist.xml; path = Info.plist; sourceTree = "<group>"; };
		94E99AA229AD61F2003A4046 /* MemoListViewController.swift */ = {isa = PBXFileReference; lastKnownFileType = sourcecode.swift; path = MemoListViewController.swift; sourceTree = "<group>"; };
		94E99AA429AD6200003A4046 /* MemoDetailViewController.swift */ = {isa = PBXFileReference; lastKnownFileType = sourcecode.swift; path = MemoDetailViewController.swift; sourceTree = "<group>"; };
		94E99AA629AD620C003A4046 /* MemoComposeViewController.swift */ = {isa = PBXFileReference; lastKnownFileType = sourcecode.swift; path = MemoComposeViewController.swift; sourceTree = "<group>"; };
		94E99AA829AD627C003A4046 /* MemoListViewModel.swift */ = {isa = PBXFileReference; lastKnownFileType = sourcecode.swift; path = MemoListViewModel.swift; sourceTree = "<group>"; };
		94E99AAA29AD6286003A4046 /* MemoDetailViewModel.swift */ = {isa = PBXFileReference; lastKnownFileType = sourcecode.swift; path = MemoDetailViewModel.swift; sourceTree = "<group>"; };
		94E99AAC29AD6295003A4046 /* MemoComposeViewModel.swift */ = {isa = PBXFileReference; lastKnownFileType = sourcecode.swift; path = MemoComposeViewModel.swift; sourceTree = "<group>"; };
		94E99AAE29AD62B1003A4046 /* Memo.swift */ = {isa = PBXFileReference; lastKnownFileType = sourcecode.swift; path = Memo.swift; sourceTree = "<group>"; };
		94E99AB029AD631E003A4046 /* ViewModelBindableType.swift */ = {isa = PBXFileReference; lastKnownFileType = sourcecode.swift; path = ViewModelBindableType.swift; sourceTree = "<group>"; };
		94E99AB229AD6801003A4046 /* MemoStorageType.swift */ = {isa = PBXFileReference; lastKnownFileType = sourcecode.swift; path = MemoStorageType.swift; sourceTree = "<group>"; };
		94E99AB629AD68DA003A4046 /* MemoryStorage.swift */ = {isa = PBXFileReference; lastKnownFileType = sourcecode.swift; path = MemoryStorage.swift; sourceTree = "<group>"; };
		94E99AB829AD7079003A4046 /* TransitionModel.swift */ = {isa = PBXFileReference; lastKnownFileType = sourcecode.swift; path = TransitionModel.swift; sourceTree = "<group>"; };
		94E99ABA29AD711B003A4046 /* Scene.swift */ = {isa = PBXFileReference; lastKnownFileType = sourcecode.swift; path = Scene.swift; sourceTree = "<group>"; };
		94E99ABC29AD745C003A4046 /* SceneCoordinatorType.swift */ = {isa = PBXFileReference; lastKnownFileType = sourcecode.swift; path = SceneCoordinatorType.swift; sourceTree = "<group>"; };
		94E99ABE29AD756F003A4046 /* SceneCoordinator.swift */ = {isa = PBXFileReference; lastKnownFileType = sourcecode.swift; path = SceneCoordinator.swift; sourceTree = "<group>"; };
		B9A7029848DB5B877D87F417 /* Pods_RxMemo.framework */ = {isa = PBXFileReference; explicitFileType = wrapper.framework; includeInIndex = 0; path = Pods_RxMemo.framework; sourceTree = BUILT_PRODUCTS_DIR; };
/* End PBXFileReference section */

/* Begin PBXFrameworksBuildPhase section */
		94E99A7E29AD5B2E003A4046 /* Frameworks */ = {
			isa = PBXFrameworksBuildPhase;
			buildActionMask = 2147483647;
			files = (
				53E56C0C1FC6F0754A442801 /* Pods_RxMemo.framework in Frameworks */,
			);
			runOnlyForDeploymentPostprocessing = 0;
		};
/* End PBXFrameworksBuildPhase section */

/* Begin PBXGroup section */
		69083BAB18DDD6158038AF76 /* Pods */ = {
			isa = PBXGroup;
			children = (
				28FD77E05B9091F4714673EB /* Pods-RxMemo.debug.xcconfig */,
				89342A504377BF6D4C83D190 /* Pods-RxMemo.release.xcconfig */,
			);
			path = Pods;
			sourceTree = "<group>";
		};
		742A4D478C5FA677AB0AC401 /* Frameworks */ = {
			isa = PBXGroup;
			children = (
				B9A7029848DB5B877D87F417 /* Pods_RxMemo.framework */,
			);
			name = Frameworks;
			sourceTree = "<group>";
		};
		94E99A7829AD5B2E003A4046 = {
			isa = PBXGroup;
			children = (
				94E99A8329AD5B2E003A4046 /* RxMemo */,
				94E99A8229AD5B2E003A4046 /* Products */,
				69083BAB18DDD6158038AF76 /* Pods */,
				742A4D478C5FA677AB0AC401 /* Frameworks */,
			);
			sourceTree = "<group>";
		};
		94E99A8229AD5B2E003A4046 /* Products */ = {
			isa = PBXGroup;
			children = (
				94E99A8129AD5B2E003A4046 /* RxMemo.app */,
			);
			name = Products;
			sourceTree = "<group>";
		};
		94E99A8329AD5B2E003A4046 /* RxMemo */ = {
			isa = PBXGroup;
			children = (
				94E99A9B29AD5C64003A4046 /* Scene */,
				94E99A9C29AD5C7A003A4046 /* Service */,
				94E99A9E29AD5CAE003A4046 /* ViewController */,
				94E99A9F29AD5CC7003A4046 /* Model */,
				94E99A9D29AD5C8C003A4046 /* ViewModel */,
				94E99A8429AD5B2E003A4046 /* AppDelegate.swift */,
				94E99A8629AD5B2E003A4046 /* SceneDelegate.swift */,
				94E99A9029AD5B2F003A4046 /* Assets.xcassets */,
				94E99A9529AD5B2F003A4046 /* Info.plist */,
			);
			path = RxMemo;
			sourceTree = "<group>";
		};
		94E99A9B29AD5C64003A4046 /* Scene */ = {
			isa = PBXGroup;
			children = (
				94E99AB829AD7079003A4046 /* TransitionModel.swift */,
				94E99ABA29AD711B003A4046 /* Scene.swift */,
				94E99ABC29AD745C003A4046 /* SceneCoordinatorType.swift */,
				94E99ABE29AD756F003A4046 /* SceneCoordinator.swift */,
			);
			path = Scene;
			sourceTree = "<group>";
		};
		94E99A9C29AD5C7A003A4046 /* Service */ = {
			isa = PBXGroup;
			children = (
				94E99AB229AD6801003A4046 /* MemoStorageType.swift */,
				94E99AA129AD5E82003A4046 /* MemoStorage */,
				94E99AA029AD5E6C003A4046 /* CoreDataStorage */,
			);
			path = Service;
			sourceTree = "<group>";
		};
		94E99A9D29AD5C8C003A4046 /* ViewModel */ = {
			isa = PBXGroup;
			children = (
				94E99AA829AD627C003A4046 /* MemoListViewModel.swift */,
				94E99AAA29AD6286003A4046 /* MemoDetailViewModel.swift */,
				94E99AAC29AD6295003A4046 /* MemoComposeViewModel.swift */,
				946AE92A29AFF7C4008C77CD /* CommonViewModel.swift */,
			);
			path = ViewModel;
			sourceTree = "<group>";
		};
		94E99A9E29AD5CAE003A4046 /* ViewController */ = {
			isa = PBXGroup;
			children = (
				94E99A9229AD5B2F003A4046 /* LaunchScreen.storyboard */,
				94E99A8A29AD5B2E003A4046 /* Main.storyboard */,
				94E99AA229AD61F2003A4046 /* MemoListViewController.swift */,
				94E99AA429AD6200003A4046 /* MemoDetailViewController.swift */,
				94E99AA629AD620C003A4046 /* MemoComposeViewController.swift */,
				94E99AB029AD631E003A4046 /* ViewModelBindableType.swift */,
			);
			path = ViewController;
			sourceTree = "<group>";
		};
		94E99A9F29AD5CC7003A4046 /* Model */ = {
			isa = PBXGroup;
			children = (
				94B914F029B2A2B100DBCE76 /* Memo+CoreDataClass.swift */,
				94B914F129B2A2B100DBCE76 /* Memo+CoreDataProperties.swift */,
				94E99AAE29AD62B1003A4046 /* Memo.swift */,
			);
			path = Model;
			sourceTree = "<group>";
		};
		94E99AA029AD5E6C003A4046 /* CoreDataStorage */ = {
			isa = PBXGroup;
			children = (
				94E99A8D29AD5B2E003A4046 /* RxMemo.xcdatamodeld */,
				94B914E629B2A00A00DBCE76 /* CoreStorage.swift */,
			);
			path = CoreDataStorage;
			sourceTree = "<group>";
		};
		94E99AA129AD5E82003A4046 /* MemoStorage */ = {
			isa = PBXGroup;
			children = (
				94E99AB629AD68DA003A4046 /* MemoryStorage.swift */,
			);
			path = MemoStorage;
			sourceTree = "<group>";
		};
/* End PBXGroup section */

/* Begin PBXNativeTarget section */
		94E99A8029AD5B2E003A4046 /* RxMemo */ = {
			isa = PBXNativeTarget;
			buildConfigurationList = 94E99A9829AD5B2F003A4046 /* Build configuration list for PBXNativeTarget "RxMemo" */;
			buildPhases = (
				091ADAA00A75E57BADE91667 /* [CP] Check Pods Manifest.lock */,
				94E99A7D29AD5B2E003A4046 /* Sources */,
				94E99A7E29AD5B2E003A4046 /* Frameworks */,
				94E99A7F29AD5B2E003A4046 /* Resources */,
				A0CF64D324D7A4D68B12930C /* [CP] Embed Pods Frameworks */,
			);
			buildRules = (
			);
			dependencies = (
			);
			name = RxMemo;
			productName = RxMemo;
			productReference = 94E99A8129AD5B2E003A4046 /* RxMemo.app */;
			productType = "com.apple.product-type.application";
		};
/* End PBXNativeTarget section */

/* Begin PBXProject section */
		94E99A7929AD5B2E003A4046 /* Project object */ = {
			isa = PBXProject;
			attributes = {
				BuildIndependentTargetsInParallel = 1;
				LastSwiftUpdateCheck = 1420;
				LastUpgradeCheck = 1420;
				TargetAttributes = {
					94E99A8029AD5B2E003A4046 = {
						CreatedOnToolsVersion = 14.2;
					};
				};
			};
			buildConfigurationList = 94E99A7C29AD5B2E003A4046 /* Build configuration list for PBXProject "RxMemo" */;
			compatibilityVersion = "Xcode 14.0";
			developmentRegion = en;
			hasScannedForEncodings = 0;
			knownRegions = (
				en,
				Base,
			);
			mainGroup = 94E99A7829AD5B2E003A4046;
			productRefGroup = 94E99A8229AD5B2E003A4046 /* Products */;
			projectDirPath = "";
			projectRoot = "";
			targets = (
				94E99A8029AD5B2E003A4046 /* RxMemo */,
			);
		};
/* End PBXProject section */

/* Begin PBXResourcesBuildPhase section */
		94E99A7F29AD5B2E003A4046 /* Resources */ = {
			isa = PBXResourcesBuildPhase;
			buildActionMask = 2147483647;
			files = (
				94E99A9429AD5B2F003A4046 /* LaunchScreen.storyboard in Resources */,
				94E99A9129AD5B2F003A4046 /* Assets.xcassets in Resources */,
				94E99A8C29AD5B2E003A4046 /* Main.storyboard in Resources */,
			);
			runOnlyForDeploymentPostprocessing = 0;
		};
/* End PBXResourcesBuildPhase section */

/* Begin PBXShellScriptBuildPhase section */
		091ADAA00A75E57BADE91667 /* [CP] Check Pods Manifest.lock */ = {
			isa = PBXShellScriptBuildPhase;
			buildActionMask = 2147483647;
			files = (
			);
			inputFileListPaths = (
			);
			inputPaths = (
				"${PODS_PODFILE_DIR_PATH}/Podfile.lock",
				"${PODS_ROOT}/Manifest.lock",
			);
			name = "[CP] Check Pods Manifest.lock";
			outputFileListPaths = (
			);
			outputPaths = (
				"$(DERIVED_FILE_DIR)/Pods-RxMemo-checkManifestLockResult.txt",
			);
			runOnlyForDeploymentPostprocessing = 0;
			shellPath = /bin/sh;
			shellScript = "diff \"${PODS_PODFILE_DIR_PATH}/Podfile.lock\" \"${PODS_ROOT}/Manifest.lock\" > /dev/null\nif [ $? != 0 ] ; then\n    # print error to STDERR\n    echo \"error: The sandbox is not in sync with the Podfile.lock. Run 'pod install' or update your CocoaPods installation.\" >&2\n    exit 1\nfi\n# This output is used by Xcode 'outputs' to avoid re-running this script phase.\necho \"SUCCESS\" > \"${SCRIPT_OUTPUT_FILE_0}\"\n";
			showEnvVarsInLog = 0;
		};
		A0CF64D324D7A4D68B12930C /* [CP] Embed Pods Frameworks */ = {
			isa = PBXShellScriptBuildPhase;
			buildActionMask = 2147483647;
			files = (
			);
			inputFileListPaths = (
				"${PODS_ROOT}/Target Support Files/Pods-RxMemo/Pods-RxMemo-frameworks-${CONFIGURATION}-input-files.xcfilelist",
			);
			name = "[CP] Embed Pods Frameworks";
			outputFileListPaths = (
				"${PODS_ROOT}/Target Support Files/Pods-RxMemo/Pods-RxMemo-frameworks-${CONFIGURATION}-output-files.xcfilelist",
			);
			runOnlyForDeploymentPostprocessing = 0;
			shellPath = /bin/sh;
			shellScript = "\"${PODS_ROOT}/Target Support Files/Pods-RxMemo/Pods-RxMemo-frameworks.sh\"\n";
			showEnvVarsInLog = 0;
		};
/* End PBXShellScriptBuildPhase section */

/* Begin PBXSourcesBuildPhase section */
		94E99A7D29AD5B2E003A4046 /* Sources */ = {
			isa = PBXSourcesBuildPhase;
			buildActionMask = 2147483647;
			files = (
				94E99AA529AD6200003A4046 /* MemoDetailViewController.swift in Sources */,
				94E99AAD29AD6295003A4046 /* MemoComposeViewModel.swift in Sources */,
				94B914E729B2A00A00DBCE76 /* CoreStorage.swift in Sources */,
				94E99ABF29AD756F003A4046 /* SceneCoordinator.swift in Sources */,
				94E99ABB29AD711B003A4046 /* Scene.swift in Sources */,
				94B914F229B2A2B100DBCE76 /* Memo+CoreDataClass.swift in Sources */,
				94E99AAB29AD6286003A4046 /* MemoDetailViewModel.swift in Sources */,
				94E99AB729AD68DA003A4046 /* MemoryStorage.swift in Sources */,
				94E99AA729AD620C003A4046 /* MemoComposeViewController.swift in Sources */,
				94E99AA329AD61F2003A4046 /* MemoListViewController.swift in Sources */,
				94E99A8529AD5B2E003A4046 /* AppDelegate.swift in Sources */,
				94E99AB129AD631E003A4046 /* ViewModelBindableType.swift in Sources */,
				94B914F329B2A2B100DBCE76 /* Memo+CoreDataProperties.swift in Sources */,
				94E99ABD29AD745C003A4046 /* SceneCoordinatorType.swift in Sources */,
				94E99A8729AD5B2E003A4046 /* SceneDelegate.swift in Sources */,
				94E99AA929AD627C003A4046 /* MemoListViewModel.swift in Sources */,
				946AE92B29AFF7C4008C77CD /* CommonViewModel.swift in Sources */,
				94E99AB929AD7079003A4046 /* TransitionModel.swift in Sources */,
				94E99AB329AD6801003A4046 /* MemoStorageType.swift in Sources */,
				94E99A8F29AD5B2E003A4046 /* RxMemo.xcdatamodeld in Sources */,
				94E99AAF29AD62B1003A4046 /* Memo.swift in Sources */,
			);
			runOnlyForDeploymentPostprocessing = 0;
		};
/* End PBXSourcesBuildPhase section */

/* Begin PBXVariantGroup section */
		94E99A8A29AD5B2E003A4046 /* Main.storyboard */ = {
			isa = PBXVariantGroup;
			children = (
				94E99A8B29AD5B2E003A4046 /* Base */,
			);
			name = Main.storyboard;
			sourceTree = "<group>";
		};
		94E99A9229AD5B2F003A4046 /* LaunchScreen.storyboard */ = {
			isa = PBXVariantGroup;
			children = (
				94E99A9329AD5B2F003A4046 /* Base */,
			);
			name = LaunchScreen.storyboard;
			sourceTree = "<group>";
		};
/* End PBXVariantGroup section */

/* Begin XCBuildConfiguration section */
		94E99A9629AD5B2F003A4046 /* Debug */ = {
			isa = XCBuildConfiguration;
			buildSettings = {
				ALWAYS_SEARCH_USER_PATHS = NO;
				CLANG_ANALYZER_NONNULL = YES;
				CLANG_ANALYZER_NUMBER_OBJECT_CONVERSION = YES_AGGRESSIVE;
				CLANG_CXX_LANGUAGE_STANDARD = "gnu++20";
				CLANG_ENABLE_MODULES = YES;
				CLANG_ENABLE_OBJC_ARC = YES;
				CLANG_ENABLE_OBJC_WEAK = YES;
				CLANG_WARN_BLOCK_CAPTURE_AUTORELEASING = YES;
				CLANG_WARN_BOOL_CONVERSION = YES;
				CLANG_WARN_COMMA = YES;
				CLANG_WARN_CONSTANT_CONVERSION = YES;
				CLANG_WARN_DEPRECATED_OBJC_IMPLEMENTATIONS = YES;
				CLANG_WARN_DIRECT_OBJC_ISA_USAGE = YES_ERROR;
				CLANG_WARN_DOCUMENTATION_COMMENTS = YES;
				CLANG_WARN_EMPTY_BODY = YES;
				CLANG_WARN_ENUM_CONVERSION = YES;
				CLANG_WARN_INFINITE_RECURSION = YES;
				CLANG_WARN_INT_CONVERSION = YES;
				CLANG_WARN_NON_LITERAL_NULL_CONVERSION = YES;
				CLANG_WARN_OBJC_IMPLICIT_RETAIN_SELF = YES;
				CLANG_WARN_OBJC_LITERAL_CONVERSION = YES;
				CLANG_WARN_OBJC_ROOT_CLASS = YES_ERROR;
				CLANG_WARN_QUOTED_INCLUDE_IN_FRAMEWORK_HEADER = YES;
				CLANG_WARN_RANGE_LOOP_ANALYSIS = YES;
				CLANG_WARN_STRICT_PROTOTYPES = YES;
				CLANG_WARN_SUSPICIOUS_MOVE = YES;
				CLANG_WARN_UNGUARDED_AVAILABILITY = YES_AGGRESSIVE;
				CLANG_WARN_UNREACHABLE_CODE = YES;
				CLANG_WARN__DUPLICATE_METHOD_MATCH = YES;
				COPY_PHASE_STRIP = NO;
				DEBUG_INFORMATION_FORMAT = dwarf;
				ENABLE_STRICT_OBJC_MSGSEND = YES;
				ENABLE_TESTABILITY = YES;
				GCC_C_LANGUAGE_STANDARD = gnu11;
				GCC_DYNAMIC_NO_PIC = NO;
				GCC_NO_COMMON_BLOCKS = YES;
				GCC_OPTIMIZATION_LEVEL = 0;
				GCC_PREPROCESSOR_DEFINITIONS = (
					"DEBUG=1",
					"$(inherited)",
				);
				GCC_WARN_64_TO_32_BIT_CONVERSION = YES;
				GCC_WARN_ABOUT_RETURN_TYPE = YES_ERROR;
				GCC_WARN_UNDECLARED_SELECTOR = YES;
				GCC_WARN_UNINITIALIZED_AUTOS = YES_AGGRESSIVE;
				GCC_WARN_UNUSED_FUNCTION = YES;
				GCC_WARN_UNUSED_VARIABLE = YES;
				IPHONEOS_DEPLOYMENT_TARGET = 16.2;
				MTL_ENABLE_DEBUG_INFO = INCLUDE_SOURCE;
				MTL_FAST_MATH = YES;
				ONLY_ACTIVE_ARCH = YES;
				SDKROOT = iphoneos;
				SWIFT_ACTIVE_COMPILATION_CONDITIONS = DEBUG;
				SWIFT_OPTIMIZATION_LEVEL = "-Onone";
			};
			name = Debug;
		};
		94E99A9729AD5B2F003A4046 /* Release */ = {
			isa = XCBuildConfiguration;
			buildSettings = {
				ALWAYS_SEARCH_USER_PATHS = NO;
				CLANG_ANALYZER_NONNULL = YES;
				CLANG_ANALYZER_NUMBER_OBJECT_CONVERSION = YES_AGGRESSIVE;
				CLANG_CXX_LANGUAGE_STANDARD = "gnu++20";
				CLANG_ENABLE_MODULES = YES;
				CLANG_ENABLE_OBJC_ARC = YES;
				CLANG_ENABLE_OBJC_WEAK = YES;
				CLANG_WARN_BLOCK_CAPTURE_AUTORELEASING = YES;
				CLANG_WARN_BOOL_CONVERSION = YES;
				CLANG_WARN_COMMA = YES;
				CLANG_WARN_CONSTANT_CONVERSION = YES;
				CLANG_WARN_DEPRECATED_OBJC_IMPLEMENTATIONS = YES;
				CLANG_WARN_DIRECT_OBJC_ISA_USAGE = YES_ERROR;
				CLANG_WARN_DOCUMENTATION_COMMENTS = YES;
				CLANG_WARN_EMPTY_BODY = YES;
				CLANG_WARN_ENUM_CONVERSION = YES;
				CLANG_WARN_INFINITE_RECURSION = YES;
				CLANG_WARN_INT_CONVERSION = YES;
				CLANG_WARN_NON_LITERAL_NULL_CONVERSION = YES;
				CLANG_WARN_OBJC_IMPLICIT_RETAIN_SELF = YES;
				CLANG_WARN_OBJC_LITERAL_CONVERSION = YES;
				CLANG_WARN_OBJC_ROOT_CLASS = YES_ERROR;
				CLANG_WARN_QUOTED_INCLUDE_IN_FRAMEWORK_HEADER = YES;
				CLANG_WARN_RANGE_LOOP_ANALYSIS = YES;
				CLANG_WARN_STRICT_PROTOTYPES = YES;
				CLANG_WARN_SUSPICIOUS_MOVE = YES;
				CLANG_WARN_UNGUARDED_AVAILABILITY = YES_AGGRESSIVE;
				CLANG_WARN_UNREACHABLE_CODE = YES;
				CLANG_WARN__DUPLICATE_METHOD_MATCH = YES;
				COPY_PHASE_STRIP = NO;
				DEBUG_INFORMATION_FORMAT = "dwarf-with-dsym";
				ENABLE_NS_ASSERTIONS = NO;
				ENABLE_STRICT_OBJC_MSGSEND = YES;
				GCC_C_LANGUAGE_STANDARD = gnu11;
				GCC_NO_COMMON_BLOCKS = YES;
				GCC_WARN_64_TO_32_BIT_CONVERSION = YES;
				GCC_WARN_ABOUT_RETURN_TYPE = YES_ERROR;
				GCC_WARN_UNDECLARED_SELECTOR = YES;
				GCC_WARN_UNINITIALIZED_AUTOS = YES_AGGRESSIVE;
				GCC_WARN_UNUSED_FUNCTION = YES;
				GCC_WARN_UNUSED_VARIABLE = YES;
				IPHONEOS_DEPLOYMENT_TARGET = 16.2;
				MTL_ENABLE_DEBUG_INFO = NO;
				MTL_FAST_MATH = YES;
				SDKROOT = iphoneos;
				SWIFT_COMPILATION_MODE = wholemodule;
				SWIFT_OPTIMIZATION_LEVEL = "-O";
				VALIDATE_PRODUCT = YES;
			};
			name = Release;
		};
		94E99A9929AD5B2F003A4046 /* Debug */ = {
			isa = XCBuildConfiguration;
			baseConfigurationReference = 28FD77E05B9091F4714673EB /* Pods-RxMemo.debug.xcconfig */;
			buildSettings = {
				ASSETCATALOG_COMPILER_APPICON_NAME = AppIcon;
				ASSETCATALOG_COMPILER_GLOBAL_ACCENT_COLOR_NAME = AccentColor;
				CODE_SIGN_STYLE = Automatic;
				CURRENT_PROJECT_VERSION = 1;
				DEVELOPMENT_TEAM = 26666M9T3Z;
				GENERATE_INFOPLIST_FILE = YES;
				INFOPLIST_FILE = RxMemo/Info.plist;
				INFOPLIST_KEY_UIApplicationSupportsIndirectInputEvents = YES;
				INFOPLIST_KEY_UILaunchStoryboardName = LaunchScreen;
				INFOPLIST_KEY_UIMainStoryboardFile = Main;
				INFOPLIST_KEY_UISupportedInterfaceOrientations_iPad = "UIInterfaceOrientationPortrait UIInterfaceOrientationPortraitUpsideDown UIInterfaceOrientationLandscapeLeft UIInterfaceOrientationLandscapeRight";
				INFOPLIST_KEY_UISupportedInterfaceOrientations_iPhone = "UIInterfaceOrientationPortrait UIInterfaceOrientationLandscapeLeft UIInterfaceOrientationLandscapeRight";
				LD_RUNPATH_SEARCH_PATHS = (
					"$(inherited)",
					"@executable_path/Frameworks",
				);
				MARKETING_VERSION = 1.0;
				PRODUCT_BUNDLE_IDENTIFIER = com.hirokimnm.RxMemo;
				PRODUCT_NAME = "$(TARGET_NAME)";
				SWIFT_EMIT_LOC_STRINGS = YES;
				SWIFT_VERSION = 5.0;
				TARGETED_DEVICE_FAMILY = "1,2";
			};
			name = Debug;
		};
		94E99A9A29AD5B2F003A4046 /* Release */ = {
			isa = XCBuildConfiguration;
			baseConfigurationReference = 89342A504377BF6D4C83D190 /* Pods-RxMemo.release.xcconfig */;
			buildSettings = {
				ASSETCATALOG_COMPILER_APPICON_NAME = AppIcon;
				ASSETCATALOG_COMPILER_GLOBAL_ACCENT_COLOR_NAME = AccentColor;
				CODE_SIGN_STYLE = Automatic;
				CURRENT_PROJECT_VERSION = 1;
				DEVELOPMENT_TEAM = 26666M9T3Z;
				GENERATE_INFOPLIST_FILE = YES;
				INFOPLIST_FILE = RxMemo/Info.plist;
				INFOPLIST_KEY_UIApplicationSupportsIndirectInputEvents = YES;
				INFOPLIST_KEY_UILaunchStoryboardName = LaunchScreen;
				INFOPLIST_KEY_UIMainStoryboardFile = Main;
				INFOPLIST_KEY_UISupportedInterfaceOrientations_iPad = "UIInterfaceOrientationPortrait UIInterfaceOrientationPortraitUpsideDown UIInterfaceOrientationLandscapeLeft UIInterfaceOrientationLandscapeRight";
				INFOPLIST_KEY_UISupportedInterfaceOrientations_iPhone = "UIInterfaceOrientationPortrait UIInterfaceOrientationLandscapeLeft UIInterfaceOrientationLandscapeRight";
				LD_RUNPATH_SEARCH_PATHS = (
					"$(inherited)",
					"@executable_path/Frameworks",
				);
				MARKETING_VERSION = 1.0;
				PRODUCT_BUNDLE_IDENTIFIER = com.hirokimnm.RxMemo;
				PRODUCT_NAME = "$(TARGET_NAME)";
				SWIFT_EMIT_LOC_STRINGS = YES;
				SWIFT_VERSION = 5.0;
				TARGETED_DEVICE_FAMILY = "1,2";
			};
			name = Release;
		};
/* End XCBuildConfiguration section */

/* Begin XCConfigurationList section */
		94E99A7C29AD5B2E003A4046 /* Build configuration list for PBXProject "RxMemo" */ = {
			isa = XCConfigurationList;
			buildConfigurations = (
				94E99A9629AD5B2F003A4046 /* Debug */,
				94E99A9729AD5B2F003A4046 /* Release */,
			);
			defaultConfigurationIsVisible = 0;
			defaultConfigurationName = Release;
		};
		94E99A9829AD5B2F003A4046 /* Build configuration list for PBXNativeTarget "RxMemo" */ = {
			isa = XCConfigurationList;
			buildConfigurations = (
				94E99A9929AD5B2F003A4046 /* Debug */,
				94E99A9A29AD5B2F003A4046 /* Release */,
			);
			defaultConfigurationIsVisible = 0;
			defaultConfigurationName = Release;
		};
/* End XCConfigurationList section */

/* Begin XCVersionGroup section */
		94E99A8D29AD5B2E003A4046 /* RxMemo.xcdatamodeld */ = {
			isa = XCVersionGroup;
			children = (
				94E99A8E29AD5B2E003A4046 /* RxMemo.xcdatamodel */,
			);
			currentVersion = 94E99A8E29AD5B2E003A4046 /* RxMemo.xcdatamodel */;
			path = RxMemo.xcdatamodeld;
			sourceTree = "<group>";
			versionGroupType = wrapper.xcdatamodel;
		};
/* End XCVersionGroup section */
	};
	rootObject = 94E99A7929AD5B2E003A4046 /* Project object */;
}
